{
  "version": "5",
  "specifiers": {
    "npm:graphql-yoga@5.0.0": "5.0.0_graphql@16.14.2"
  },
  "npm": {
    "@envelop/core@5.6.1": {
      "integrity": "sha512-KEbJ7yrAA+W7IY9MZzpZJ77w/72ndaV/16+hhPapd+0Ohjqffl0mmF3QWy62/m3nRP4qidD+1eiEjJhS/O38Tg==",
      "dependencies": [
        "@envelop/instrumentation",
        "@envelop/types",
        "@whatwg-node/promise-helpers",
        "tslib"
      ]
    },
    "@envelop/instrumentation@1.0.1": {
      "integrity": "sha512-FuexE2qd3Yc1Kh1DjTliwGxb9kyyv4ySBNnfJOxnQasVmGdcqX6AkkO5sIMxLWFRftp8PErOcIn2dQW/1RwytQ==",
      "dependencies": [
        "@whatwg-node/promise-helpers",
        "tslib"
      ]
    },
    "@envelop/types@5.2.2": {
      "integrity": "sha512-nl9cmUh8F+2/NNzpcLjzNqtaVn0m8XSzzxrPU2ByHhlz4Hqlc5QBfRsemZkoJMKrMviJXyJYdKZiUP1o70F3Kw==",
      "dependencies": [
        "@whatwg-node/promise-helpers",
        "tslib"
      ]
    },
    "@fastify/busboy@3.2.2": {
      "integrity": "sha512-yXSS27qPExaXeuLvMRMXOLtpipzfQYNjG3FkunDWKGfMYjKuhFXko9CVzqxm8jcF+lmtS9Fd89QNdh9XDjnbNg=="
    },
    "@graphql-tools/executor@1.5.7_graphql@16.14.2": {
      "integrity": "sha512-UcXVClkBml+qyGEsQxfEaAkboqySVGFUd9ivn7pDc9jZSckgF6zL21cNxuRH5ZA2exneV3PTtcc0I0rDOdE0Tg==",
      "dependencies": [
        "@graphql-tools/utils@11.2.2_graphql@16.14.2",
        "@graphql-typed-document-node/core",
        "@repeaterjs/repeater",
        "@whatwg-node/disposablestack",
        "@whatwg-node/promise-helpers",
        "graphql",
        "tslib"
      ]
    },
    "@graphql-tools/merge@9.2.4_graphql@16.14.2": {
      "integrity": "sha512-vV+8uWNWn0+OsqT0r22lZuoT0cTe6fBqBtpLHre2rriLjI/ZTrsOHmabLPTUOyzgFnRrS2PzFSYGL3zKL1Wj4Q==",
      "dependencies": [
        "@graphql-tools/utils@12.0.1_graphql@16.14.2",
        "graphql",
        "tslib"
      ]
    },
    "@graphql-tools/schema@10.1.1_graphql@16.14.2": {
      "integrity": "sha512-24jJghRxEW+SG1lbJ45Zg9HEZ8ZKS923ihbFjOicspFLpryxJkWp6gZJ7D8tCVaSAhli4x1+1wDPAfhT8mLqxg==",
      "dependencies": [
        "@graphql-tools/merge",
        "@graphql-tools/utils@12.0.1_graphql@16.14.2",
        "graphql",
        "tslib"
      ]
    },
    "@graphql-tools/utils@10.11.0_graphql@16.14.2": {
      "integrity": "sha512-iBFR9GXIs0gCD+yc3hoNswViL1O5josI33dUqiNStFI/MHLCEPduasceAcazRH77YONKNiviHBV8f7OgcT4o2Q==",
      "dependencies": [
        "@graphql-typed-document-node/core",
        "@whatwg-node/promise-helpers",
        "cross-inspect",
        "graphql",
        "tslib"
      ]
    },
    "@graphql-tools/utils@11.2.2_graphql@16.14.2": {
      "integrity": "sha512-Do2A/t6ayqOma8m7PvpYMsCBswL+NB35BQSng4GWSBqafL2/BnfAZy/NSENPwV721Rm2fG0BHETFC0+FJJZmLw==",
      "dependencies": [
        "@graphql-typed-document-node/core",
        "@whatwg-node/promise-helpers",
        "cross-inspect",
        "graphql",
        "tslib"
      ]
    },
    "@graphql-tools/utils@12.0.1_graphql@16.14.2": {
      "integrity": "sha512-8YC6jn4xYDS6YTY6xDAgQAs/nGgvzRaIGHS8GeSfVItQzNK7Ms24CQtE3EJY+amvR+tBnhRSX0N83aGj+V/RIg==",
      "dependencies": [
        "@graphql-typed-document-node/core",
        "@whatwg-node/promise-helpers",
        "cross-inspect",
        "graphql",
        "tslib"
      ]
    },
    "@graphql-typed-document-node/core@3.2.0_graphql@16.14.2": {
      "integrity": "sha512-mB9oAsNCm9aM3/SOv4YtBMqZbYj10R7dkq8byBqxGY/ncFwhf2oQzMV+LCRlWoDSEBJ3COiR1yeDvMtsoOsuFQ==",
      "dependencies": [
        "graphql"
      ]
    },
    "@graphql-yoga/logger@2.0.2": {
      "integrity": "sha512-k2QGHCcH10O+GGe1sgXn0paaP9GCK91wxkuNQaA4IvXBF/RcdBLaX15UeZLW9kMG8kfz7bL0r4Yu+BXYe0JOaw==",
      "dependencies": [
        "tslib"
      ]
    },
    "@graphql-yoga/subscription@5.1.1": {
      "integrity": "sha512-I48DpyPTxYzmO5TwvKOXxiLI/tsbyeYNhb4/6/oJEBn6nlb8snHL0G0Fw1LC2ApNW1QKYuCPRDTp9yUwVBqhNQ==",
      "dependencies": [
        "@graphql-yoga/typed-event-target",
        "@repeaterjs/repeater",
        "@whatwg-node/events",
        "tslib"
      ]
    },
    "@graphql-yoga/typed-event-target@3.0.3": {
      "integrity": "sha512-j/EgVfZSzKA2lVeiZ0un8E2eVIqWa9Woyqta4A40ht1M93ui9CDVHU6pmphoQTpFa92BNbMVexXdOtMQk8LCjA==",
      "dependencies": [
        "@repeaterjs/repeater",
        "tslib"
      ]
    },
    "@kamilkisiela/fast-url-parser@1.1.4": {
      "integrity": "sha512-gbkePEBupNydxCelHCESvFSFM8XPh1Zs/OAVRW/rKpEqPAl5PbOM90Si8mv9bvnR53uPD2s/FiRxdvSejpRJew=="
    },
    "@repeaterjs/repeater@3.1.0": {
      "integrity": "sha512-TaoVksZRSx2KWYYpyLQtMQXXeS98VsgZImzW65xmiVgbYhXLk+aEsmzPLirqVuE4/XuUapH2iMtxUzaBNDzdSQ=="
    },
    "@whatwg-node/disposablestack@0.0.6": {
      "integrity": "sha512-LOtTn+JgJvX8WfBVJtF08TGrdjuFzGJc4mkP8EdDI8ADbvO7kiexYep1o8dwnt0okb0jYclCDXF13xU7Ge4zSw==",
      "dependencies": [
        "@whatwg-node/promise-helpers",
        "tslib"
      ]
    },
    "@whatwg-node/events@0.1.2": {
      "integrity": "sha512-ApcWxkrs1WmEMS2CaLLFUEem/49erT3sxIVjpzU5f6zmVcnijtDSrhoK2zVobOIikZJdH63jdAXOrvjf6eOUNQ==",
      "dependencies": [
        "tslib"
      ]
    },
    "@whatwg-node/fetch@0.10.13": {
      "integrity": "sha512-b4PhJ+zYj4357zwk4TTuF2nEe0vVtOrwdsrNo5hL+u1ojXNhh1FgJ6pg1jzDlwlT4oBdzfSwaBwMCtFCsIWg8Q==",
      "dependencies": [
        "@whatwg-node/node-fetch@0.8.6",
        "urlpattern-polyfill"
      ]
    },
    "@whatwg-node/fetch@0.9.23": {
      "integrity": "sha512-7xlqWel9JsmxahJnYVUj/LLxWcnA93DR4c9xlw3U814jWTiYalryiH1qToik1hOxweKKRLi4haXHM5ycRksPBA==",
      "dependencies": [
        "@whatwg-node/node-fetch@0.6.0",
        "urlpattern-polyfill"
      ]
    },
    "@whatwg-node/node-fetch@0.6.0": {
      "integrity": "sha512-tcZAhrpx6oVlkEsRngeTEEE7I5/QdLjeEz4IlekabGaESP7+Dkm/6a9KcF1KdCBB7mO9PXtBkwCuTCt8+UPg8Q==",
      "dependencies": [
        "@kamilkisiela/fast-url-parser",
        "busboy",
        "fast-querystring",
        "tslib"
      ]
    },
    "@whatwg-node/node-fetch@0.8.6": {
      "integrity": "sha512-BDMdYFcerLQkwA2RTldxOqRCs6ZQD1S7UgP3pUdGUkcbgTrP/V5ko77ZkCww9DHmC4lpoYuwigGfQYj285gMvA==",
      "dependencies": [
        "@fastify/busboy",
        "@whatwg-node/disposablestack",
        "@whatwg-node/promise-helpers",
        "tslib"
      ]
    },
    "@whatwg-node/promise-helpers@1.3.2": {
      "integrity": "sha512-Nst5JdK47VIl9UcGwtv2Rcgyn5lWtZ0/mhRQ4G8NN2isxpq2TO30iqHzmwoJycjWuyUfg3GFXqP/gFHXeV57IA==",
      "dependencies": [
        "tslib"
      ]
    },
    "@whatwg-node/server@0.9.71": {
      "integrity": "sha512-ueFCcIPaMgtuYDS9u0qlUoEvj6GiSsKrwnOLPp9SshqjtcRaR1IEHRjoReq3sXNydsF5i0ZnmuYgXq9dV53t0g==",
      "dependencies": [
        "@whatwg-node/disposablestack",
        "@whatwg-node/fetch@0.10.13",
        "@whatwg-node/promise-helpers",
        "tslib"
      ]
    },
    "busboy@1.6.0": {
      "integrity": "sha512-8SFQbg/0hQ9xy3UNTB0YEnsNBbWfhf7RtnzpL7TkBiTBRfrQ9Fxcnz7VJsleJpyp6rVLvXiuORqjlHi5q+PYuA==",
      "dependencies": [
        "streamsearch"
      ]
    },
    "cross-inspect@1.0.1": {
      "integrity": "sha512-Pcw1JTvZLSJH83iiGWt6fRcT+BjZlCDRVwYLbUcHzv/CRpB7r0MlSrGbIyQvVSNyGnbt7G4AXuyCiDR3POvZ1A==",
      "dependencies": [
        "tslib"
      ]
    },
    "dset@3.1.4": {
      "integrity": "sha512-2QF/g9/zTaPDc3BjNcVTGoBbXBgYfMTTceLaYcFJ/W9kggFUkhxD/hMEeuLKbugyef9SqAx8cpgwlIP/jinUTA=="
    },
    "fast-decode-uri-component@1.0.1": {
      "integrity": "sha512-WKgKWg5eUxvRZGwW8FvfbaH7AXSh2cL+3j5fMGzUMCxWBJ3dV3a7Wz8y2f/uQ0e3B6WmodD3oS54jTQ9HVTIIg=="
    },
    "fast-querystring@1.1.2": {
      "integrity": "sha512-g6KuKWmFXc0fID8WWH0jit4g0AGBoJhCkJMb1RmbsSEUNvQ+ZC8D6CUZ+GtF8nMzSPXnhiePyyqqipzNNEnHjg==",
      "dependencies": [
        "fast-decode-uri-component"
      ]
    },
    "graphql-yoga@5.0.0_graphql@16.14.2": {
      "integrity": "sha512-ZvZlO8MHMDWuLRoDhvJQnXg8SOJD0iDaCA+M/zWuD26AlhEugOEbpnhw/645oqXTYtvHsM91WyxtV7p5XJWYMg==",
      "dependencies": [
        "@envelop/core",
        "@graphql-tools/executor",
        "@graphql-tools/schema",
        "@graphql-tools/utils@10.11.0_graphql@16.14.2",
        "@graphql-yoga/logger",
        "@graphql-yoga/subscription",
        "@whatwg-node/fetch@0.9.23",
        "@whatwg-node/server",
        "dset",
        "graphql",
        "lru-cache",
        "tslib"
      ]
    },
    "graphql@16.14.2": {
      "integrity": "sha512-Chq1s4CY7jmh8gO2qvLIJyfCDIN+EHLFW/9iShnp1z8FjBQMoodWP1kDC36VAMXXIvAjj4ARa7ntfAV2BrjsbA=="
    },
    "lru-cache@10.4.3": {
      "integrity": "sha512-JNAzZcXrCt42VGLuYz0zfAzDfAvJWW6AfYlDBQyDV5DClI2m5sAmK+OIO7s59XfsRsWHp02jAJrRadPRGTt6SQ=="
    },
    "streamsearch@1.1.0": {
      "integrity": "sha512-Mcc5wHehp9aXz1ax6bZUyY5afg9u2rv5cqQI3mRrYkGC8rW2hM02jWuwjtL++LS5qinSyhj2QfLyNsuc+VsExg=="
    },
    "tslib@2.8.1": {
      "integrity": "sha512-oJFu94HQb+KVduSUQL7wnpmqnfmLsOA/nAh6b6EH0wCEoK0/mPeXU6c3wKDV83MkOuHPRHtSXKKU99IBazS/2w=="
    },
    "urlpattern-polyfill@10.1.0": {
      "integrity": "sha512-IGjKp/o0NL3Bso1PymYURCJxMPNAf/ILOpendP9f5B6e1rTJgdgiOvgfoT8VxCAdY+Wisb9uhGaJJf3yZ2V9nw=="
    }
  },
  "remote": {
    "https://deno.land/std@0.168.0/async/abortable.ts": "80b2ac399f142cc528f95a037a7d0e653296352d95c681e284533765961de409",
    "https://deno.land/std@0.168.0/async/deadline.ts": "2c2deb53c7c28ca1dda7a3ad81e70508b1ebc25db52559de6b8636c9278fd41f",
    "https://deno.land/std@0.168.0/async/debounce.ts": "60301ffb37e730cd2d6f9dadfd0ecb2a38857681bd7aaf6b0a106b06e5210a98",
    "https://deno.land/std@0.168.0/async/deferred.ts": "77d3f84255c3627f1cc88699d8472b664d7635990d5358c4351623e098e917d6",
    "https://deno.land/std@0.168.0/async/delay.ts": "5a9bfba8de38840308a7a33786a0155a7f6c1f7a859558ddcec5fe06e16daf57",
    "https://deno.land/std@0.168.0/async/mod.ts": "7809ad4bb223e40f5fdc043e5c7ca04e0e25eed35c32c3c32e28697c553fa6d9",
    "https://deno.land/std@0.168.0/async/mux_async_iterator.ts": "770a0ff26c59f8bbbda6b703a2235f04e379f73238e8d66a087edc68c2a2c35f",
    "https://deno.land/std@0.168.0/async/pool.ts": "6854d8cd675a74c73391c82005cbbe4cc58183bddcd1fbbd7c2bcda42b61cf69",
    "https://deno.land/std@0.168.0/async/retry.ts": "e8e5173623915bbc0ddc537698fa418cf875456c347eda1ed453528645b42e67",
    "https://deno.land/std@0.168.0/async/tee.ts": "3a47cc4e9a940904fd4341f0224907e199121c80b831faa5ec2b054c6d2eff5e",
    "https://deno.land/std@0.168.0/http/server.ts": "e99c1bee8a3f6571ee4cdeb2966efad465b8f6fe62bec1bdb59c1f007cc4d155"
  },
  "workspace": {
    "dependencies": [
      "jsr:@supabase/functions-js@2",
      "npm:@supabase/server@1"
    ]
  }
}
